
Microsoft Visual Studio Solution File, Format Version 12.00
# Visual Studio Version 16
VisualStudioVersion = 16.0.30503.244
MinimumVisualStudioVersion = 10.0.40219.1
Project("{8BC9CEB8-8B4A-11D0-8D11-00A0C91BC942}") = "DesktopApp_02", "DesktopApp_02.vcxproj", "{F973F1D5-09DE-46EA-80B6-E202E57CFD2A}"
EndProject
Project("{54435603-DBB4-11D2-8724-00A0C9A8B90C}") = "Setup_Desktop", "..\Setup_Desktop\Setup_Desktop.vdproj", "{BB5450AC-1A8B-4B3D-A20A-61D33EF25FDE}"
EndProject
Global
	GlobalSection(SolutionConfigurationPlatforms) = preSolution
		Debug|x64 = Debug|x64
		Debug|x86 = Debug|x86
		Release|x64 = Release|x64
		Release|x86 = Release|x86
	EndGlobalSection
	GlobalSection(ProjectConfigurationPlatforms) = postSolution
		{F973F1D5-09DE-46EA-80B6-E202E57CFD2A}.Debug|x64.ActiveCfg = Debug|x64
		{F973F1D5-09DE-46EA-80B6-E202E57CFD2A}.Debug|x64.Build.0 = Debug|x64
		{F973F1D5-09DE-46EA-80B6-E202E57CFD2A}.Debug|x86.ActiveCfg = Debug|Win32
		{F973F1D5-09DE-46EA-80B6-E202E57CFD2A}.Debug|x86.Build.0 = Debug|Win32
		{F973F1D5-09DE-46EA-80B6-E202E57CFD2A}.Release|x64.ActiveCfg = Release|x64
		{F973F1D5-09DE-46EA-80B6-E202E57CFD2A}.Release|x64.Build.0 = Release|x64
		{F973F1D5-09DE-46EA-80B6-E202E57CFD2A}.Release|x86.ActiveCfg = Release|Win32
		{F973F1D5-09DE-46EA-80B6-E202E57CFD2A}.Release|x86.Build.0 = Release|Win32
		{BB5450AC-1A8B-4B3D-A20A-61D33EF25FDE}.Debug|x64.ActiveCfg = Debug
		{BB5450AC-1A8B-4B3D-A20A-61D33EF25FDE}.Debug|x86.ActiveCfg = Debug
		{BB5450AC-1A8B-4B3D-A20A-61D33EF25FDE}.Release|x64.ActiveCfg = Release
		{BB5450AC-1A8B-4B3D-A20A-61D33EF25FDE}.Release|x86.ActiveCfg = Release
	EndGlobalSection
	GlobalSection(SolutionProperties) = preSolution
		HideSolutionNode = FALSE
	EndGlobalSection
	GlobalSection(ExtensibilityGlobals) = postSolution
		SolutionGuid = {B926F61E-D70A-49D9-9269-D8E7A63D5926}
	EndGlobalSection
EndGlobal
